{
  "name": "SIH-2024__ART_in_Artificial_Intelligence-main",
  "lockfileVersion": 2,
  "requires": true,
  "packages": {
    "": {
      "dependencies": {
        "@capacitor/app-launcher": "^5.0.6",
        "@capacitor/dialog": "^5.0.6",
        "@capacitor/local-notifications": "^5.0.6",
        "@capacitor/preferences": "^5.0.6",
        "cordova-plugin-screen-orientation": "^3.0.3"
      }
    },
    "node_modules/@capacitor/app-launcher": {
      "version": "5.0.6",
      "resolved": "https://registry.npmjs.org/@capacitor/app-launcher/-/app-launcher-5.0.6.tgz",
      "integrity": "sha512-iKF0xvBfYYWVBHL1p0Q10ZecrQDtVZ+nE/1MK2gHLE81ffUwLO+ipDPrDLzAs6SbWwqC/3ORBiI36bjQUbZ/Rw==",
      "peerDependencies": {
        "@capacitor/core": "^5.0.0"
      }
    },
    "node_modules/@capacitor/core": {
      "version": "5.4.1",
      "resolved": "https://registry.npmjs.org/@capacitor/core/-/core-5.4.1.tgz",
      "integrity": "sha512-QG9gORuxw2WNcVpLHT1W3LzACOJvFWRuHcz4b9edzxehSELqiSQ4DoGWLp4PuNBBp2oV/fGA4FMNmfZ1jIAAWg==",
      "peer": true,
      "dependencies": {
        "tslib": "^2.1.0"
      }
    },
    "node_modules/@capacitor/dialog": {
      "version": "5.0.6",
      "resolved": "https://registry.npmjs.org/@capacitor/dialog/-/dialog-5.0.6.tgz",
      "integrity": "sha512-/F9aSADswh+5pBE5810vD/N+Ox3KmahLXn1rMqisao8gNVI/Lk4YanWSPqDJCauHwOfZyeZscmDsETizAlSLFA==",
      "peerDependencies": {
        "@capacitor/core": "^5.0.0"
      }
    },
    "node_modules/@capacitor/local-notifications": {
      "version": "5.0.6",
      "resolved": "https://registry.npmjs.org/@capacitor/local-notifications/-/local-notifications-5.0.6.tgz",
      "integrity": "sha512-DB+ZBjv3Ri/0mtSzjMxLMHNGfg5m615ewDfQxp++mu7pYUM1RkxfSiigw73+PlZXDow1YNQJRlzTkwEKs6Pf+g==",
      "peerDependencies": {
        "@capacitor/core": "^5.0.0"
      }
    },
    "node_modules/@capacitor/preferences": {
      "version": "5.0.6",
      "resolved": "https://registry.npmjs.org/@capacitor/preferences/-/preferences-5.0.6.tgz",
      "integrity": "sha512-aDe4wGTVSAIue6XXdUFgyz7SGszxK/Ptt/iWTydMpzc1PlZXw1XTTnciM+S+SLLNZFzXlkpXT3wMnh9t0DojUA==",
      "peerDependencies": {
        "@capacitor/core": "^5.0.0"
      }
    },
    "node_modules/cordova-plugin-screen-orientation": {
      "version": "3.0.3",
      "resolved": "https://registry.npmjs.org/cordova-plugin-screen-orientation/-/cordova-plugin-screen-orientation-3.0.3.tgz",
      "integrity": "sha512-Dt8lO8BECZfE/pKbYQZ72Wr811fYMScxw7c9v/gJ3etOPCBrgl8xIHOOZu4nY2ehRyxFPtZi3VeGvIG+3DZoZQ==",
      "engines": {
        "cordovaDependencies": {
          "4.0.0": {
            "cordova": ">100"
          }
        }
      }
    },
    "node_modules/tslib": {
      "version": "2.6.2",
      "resolved": "https://registry.npmjs.org/tslib/-/tslib-2.6.2.tgz",
      "integrity": "sha512-AEYxH93jGFPn/a2iVAwW87VuUIkR1FVUKB77NwMF7nBTDkDrrT/Hpt/IrCJ0QXhW27jTBDcf5ZY7w6RiqTMw2Q==",
      "peer": true
    }
  },
  "dependencies": {
    "@capacitor/app-launcher": {
      "version": "5.0.6",
      "resolved": "https://registry.npmjs.org/@capacitor/app-launcher/-/app-launcher-5.0.6.tgz",
      "integrity": "sha512-iKF0xvBfYYWVBHL1p0Q10ZecrQDtVZ+nE/1MK2gHLE81ffUwLO+ipDPrDLzAs6SbWwqC/3ORBiI36bjQUbZ/Rw==",
      "requires": {}
    },
    "@capacitor/core": {
      "version": "5.4.1",
      "resolved": "https://registry.npmjs.org/@capacitor/core/-/core-5.4.1.tgz",
      "integrity": "sha512-QG9gORuxw2WNcVpLHT1W3LzACOJvFWRuHcz4b9edzxehSELqiSQ4DoGWLp4PuNBBp2oV/fGA4FMNmfZ1jIAAWg==",
      "peer": true,
      "requires": {
        "tslib": "^2.1.0"
      }
    },
    "@capacitor/dialog": {
      "version": "5.0.6",
      "resolved": "https://registry.npmjs.org/@capacitor/dialog/-/dialog-5.0.6.tgz",
      "integrity": "sha512-/F9aSADswh+5pBE5810vD/N+Ox3KmahLXn1rMqisao8gNVI/Lk4YanWSPqDJCauHwOfZyeZscmDsETizAlSLFA==",
      "requires": {}
    },
    "@capacitor/local-notifications": {
      "version": "5.0.6",
      "resolved": "https://registry.npmjs.org/@capacitor/local-notifications/-/local-notifications-5.0.6.tgz",
      "integrity": "sha512-DB+ZBjv3Ri/0mtSzjMxLMHNGfg5m615ewDfQxp++mu7pYUM1RkxfSiigw73+PlZXDow1YNQJRlzTkwEKs6Pf+g==",
      "requires": {}
    },
    "@capacitor/preferences": {
      "version": "5.0.6",
      "resolved": "https://registry.npmjs.org/@capacitor/preferences/-/preferences-5.0.6.tgz",
      "integrity": "sha512-aDe4wGTVSAIue6XXdUFgyz7SGszxK/Ptt/iWTydMpzc1PlZXw1XTTnciM+S+SLLNZFzXlkpXT3wMnh9t0DojUA==",
      "requires": {}
    },
    "cordova-plugin-screen-orientation": {
      "version": "3.0.3",
      "resolved": "https://registry.npmjs.org/cordova-plugin-screen-orientation/-/cordova-plugin-screen-orientation-3.0.3.tgz",
      "integrity": "sha512-Dt8lO8BECZfE/pKbYQZ72Wr811fYMScxw7c9v/gJ3etOPCBrgl8xIHOOZu4nY2ehRyxFPtZi3VeGvIG+3DZoZQ=="
    },
    "tslib": {
      "version": "2.6.2",
      "resolved": "https://registry.npmjs.org/tslib/-/tslib-2.6.2.tgz",
      "integrity": "sha512-AEYxH93jGFPn/a2iVAwW87VuUIkR1FVUKB77NwMF7nBTDkDrrT/Hpt/IrCJ0QXhW27jTBDcf5ZY7w6RiqTMw2Q==",
      "peer": true
    }
  }
}
